
Microsoft Visual Studio Solution File, Format Version 12.00
# Visual Studio Version 17
VisualStudioVersion = 17.5.002.0
MinimumVisualStudioVersion = 10.0.40219.1
Project("{9A19103F-16F7-4668-BE54-9A1E7A4F7556}") = "LibraryApp", "LibraryApp.csproj", "{37ACF607-79B3-41E4-B5C1-FB6F05C13CFA}"
EndProject
Global
	GlobalSection(SolutionConfigurationPlatforms) = preSolution
		Debug|Any CPU = Debug|Any CPU
		Release|Any CPU = Release|Any CPU
	EndGlobalSection
	GlobalSection(ProjectConfigurationPlatforms) = postSolution
		{37ACF607-79B3-41E4-B5C1-FB6F05C13CFA}.Debug|Any CPU.ActiveCfg = Debug|Any CPU
		{37ACF607-79B3-41E4-B5C1-FB6F05C13CFA}.Debug|Any CPU.Build.0 = Debug|Any CPU
		{37ACF607-79B3-41E4-B5C1-FB6F05C13CFA}.Release|Any CPU.ActiveCfg = Release|Any CPU
		{37ACF607-79B3-41E4-B5C1-FB6F05C13CFA}.Release|Any CPU.Build.0 = Release|Any CPU
	EndGlobalSection
	GlobalSection(SolutionProperties) = preSolution
		HideSolutionNode = FALSE
	EndGlobalSection
	GlobalSection(ExtensibilityGlobals) = postSolution
		SolutionGuid = {C5029FA2-381D-4DFC-B2F4-02B64DA5DA50}
	EndGlobalSection
EndGlobal
